
Microsoft Visual Studio Solution File, Format Version 12.00
# Visual Studio 2013
VisualStudioVersion = 12.0.31101.0
MinimumVisualStudioVersion = 10.0.40219.1
Project("{FAE04EC0-301F-11D3-BF4B-00C04F79EFBC}") = "Problem 01. School classes", "Problem 01. School classes\Problem 01. School classes.csproj", "{241A8B4E-0D3A-4C6D-B776-57C6A93A02C7}"
EndProject
Project("{FAE04EC0-301F-11D3-BF4B-00C04F79EFBC}") = "Problem 02. Students and workers", "Problem 02. Students and workers\Problem 02. Students and workers.csproj", "{BB8E1F12-72D5-4F7E-A11D-3253DF92CF0C}"
EndProject
Project("{FAE04EC0-301F-11D3-BF4B-00C04F79EFBC}") = "Problem 03. Animal hierarchy", "Problem 03. Animal hierarchy\Problem 03. Animal hierarchy.csproj", "{61C69505-2B2E-4A91-9BA1-B4717BFB39DB}"
EndProject
Global
	GlobalSection(SolutionConfigurationPlatforms) = preSolution
		Debug|Any CPU = Debug|Any CPU
		Release|Any CPU = Release|Any CPU
	EndGlobalSection
	GlobalSection(ProjectConfigurationPlatforms) = postSolution
		{241A8B4E-0D3A-4C6D-B776-57C6A93A02C7}.Debug|Any CPU.ActiveCfg = Debug|Any CPU
		{241A8B4E-0D3A-4C6D-B776-57C6A93A02C7}.Debug|Any CPU.Build.0 = Debug|Any CPU
		{241A8B4E-0D3A-4C6D-B776-57C6A93A02C7}.Release|Any CPU.ActiveCfg = Release|Any CPU
		{241A8B4E-0D3A-4C6D-B776-57C6A93A02C7}.Release|Any CPU.Build.0 = Release|Any CPU
		{BB8E1F12-72D5-4F7E-A11D-3253DF92CF0C}.Debug|Any CPU.ActiveCfg = Debug|Any CPU
		{BB8E1F12-72D5-4F7E-A11D-3253DF92CF0C}.Debug|Any CPU.Build.0 = Debug|Any CPU
		{BB8E1F12-72D5-4F7E-A11D-3253DF92CF0C}.Release|Any CPU.ActiveCfg = Release|Any CPU
		{BB8E1F12-72D5-4F7E-A11D-3253DF92CF0C}.Release|Any CPU.Build.0 = Release|Any CPU
		{61C69505-2B2E-4A91-9BA1-B4717BFB39DB}.Debug|Any CPU.ActiveCfg = Debug|Any CPU
		{61C69505-2B2E-4A91-9BA1-B4717BFB39DB}.Debug|Any CPU.Build.0 = Debug|Any CPU
		{61C69505-2B2E-4A91-9BA1-B4717BFB39DB}.Release|Any CPU.ActiveCfg = Release|Any CPU
		{61C69505-2B2E-4A91-9BA1-B4717BFB39DB}.Release|Any CPU.Build.0 = Release|Any CPU
	EndGlobalSection
	GlobalSection(SolutionProperties) = preSolution
		HideSolutionNode = FALSE
	EndGlobalSection
EndGlobal
