
Microsoft Visual Studio Solution File, Format Version 12.00
# Visual Studio 2013
VisualStudioVersion = 12.0.31101.0
MinimumVisualStudioVersion = 10.0.40219.1
Project("{FAE04EC0-301F-11D3-BF4B-00C04F79EFBC}") = "Problem 01. Tree view", "Problem 01. Tree view\Problem 01. Tree view.csproj", "{8AE17469-00EC-4639-B690-7595F42402AD}"
EndProject
Project("{FAE04EC0-301F-11D3-BF4B-00C04F79EFBC}") = "Problem 02. Music Categories", "Problem 02. Music Categories\Problem 02. Music Categories.csproj", "{CCFD040E-2ABB-4BEE-B953-B9FA87C86204}"
EndProject
Project("{FAE04EC0-301F-11D3-BF4B-00C04F79EFBC}") = "Problem 03. Members login", "Problem 03. Members login\Problem 03. Members login.csproj", "{A0AAB7B1-BB2D-4391-8906-8FAFC31F8D2F}"
EndProject
Project("{FAE04EC0-301F-11D3-BF4B-00C04F79EFBC}") = "Problem 04. CSS Documentation site", "Problem 04. CSS Documentation site\Problem 04. CSS Documentation site.csproj", "{8F85EC60-8113-4800-BF25-B33B4CF8411C}"
EndProject
Project("{FAE04EC0-301F-11D3-BF4B-00C04F79EFBC}") = "Problem 05. Laptop store", "Problem 05. Laptop store\Problem 05. Laptop store.csproj", "{999485B6-AD13-43B0-A47A-48CB09F23DCF}"
EndProject
Project("{FAE04EC0-301F-11D3-BF4B-00C04F79EFBC}") = "Problem 06. News site", "Problem 06. News site\Problem 06. News site.csproj", "{1B56FA40-73DB-44CA-A3DE-2F13F639DDD2}"
EndProject
Global
	GlobalSection(SolutionConfigurationPlatforms) = preSolution
		Debug|Any CPU = Debug|Any CPU
		Release|Any CPU = Release|Any CPU
	EndGlobalSection
	GlobalSection(ProjectConfigurationPlatforms) = postSolution
		{8AE17469-00EC-4639-B690-7595F42402AD}.Debug|Any CPU.ActiveCfg = Debug|Any CPU
		{8AE17469-00EC-4639-B690-7595F42402AD}.Debug|Any CPU.Build.0 = Debug|Any CPU
		{8AE17469-00EC-4639-B690-7595F42402AD}.Release|Any CPU.ActiveCfg = Release|Any CPU
		{8AE17469-00EC-4639-B690-7595F42402AD}.Release|Any CPU.Build.0 = Release|Any CPU
		{CCFD040E-2ABB-4BEE-B953-B9FA87C86204}.Debug|Any CPU.ActiveCfg = Debug|Any CPU
		{CCFD040E-2ABB-4BEE-B953-B9FA87C86204}.Debug|Any CPU.Build.0 = Debug|Any CPU
		{CCFD040E-2ABB-4BEE-B953-B9FA87C86204}.Release|Any CPU.ActiveCfg = Release|Any CPU
		{CCFD040E-2ABB-4BEE-B953-B9FA87C86204}.Release|Any CPU.Build.0 = Release|Any CPU
		{A0AAB7B1-BB2D-4391-8906-8FAFC31F8D2F}.Debug|Any CPU.ActiveCfg = Debug|Any CPU
		{A0AAB7B1-BB2D-4391-8906-8FAFC31F8D2F}.Debug|Any CPU.Build.0 = Debug|Any CPU
		{A0AAB7B1-BB2D-4391-8906-8FAFC31F8D2F}.Release|Any CPU.ActiveCfg = Release|Any CPU
		{A0AAB7B1-BB2D-4391-8906-8FAFC31F8D2F}.Release|Any CPU.Build.0 = Release|Any CPU
		{8F85EC60-8113-4800-BF25-B33B4CF8411C}.Debug|Any CPU.ActiveCfg = Debug|Any CPU
		{8F85EC60-8113-4800-BF25-B33B4CF8411C}.Debug|Any CPU.Build.0 = Debug|Any CPU
		{8F85EC60-8113-4800-BF25-B33B4CF8411C}.Release|Any CPU.ActiveCfg = Release|Any CPU
		{8F85EC60-8113-4800-BF25-B33B4CF8411C}.Release|Any CPU.Build.0 = Release|Any CPU
		{999485B6-AD13-43B0-A47A-48CB09F23DCF}.Debug|Any CPU.ActiveCfg = Debug|Any CPU
		{999485B6-AD13-43B0-A47A-48CB09F23DCF}.Debug|Any CPU.Build.0 = Debug|Any CPU
		{999485B6-AD13-43B0-A47A-48CB09F23DCF}.Release|Any CPU.ActiveCfg = Release|Any CPU
		{999485B6-AD13-43B0-A47A-48CB09F23DCF}.Release|Any CPU.Build.0 = Release|Any CPU
		{1B56FA40-73DB-44CA-A3DE-2F13F639DDD2}.Debug|Any CPU.ActiveCfg = Debug|Any CPU
		{1B56FA40-73DB-44CA-A3DE-2F13F639DDD2}.Debug|Any CPU.Build.0 = Debug|Any CPU
		{1B56FA40-73DB-44CA-A3DE-2F13F639DDD2}.Release|Any CPU.ActiveCfg = Release|Any CPU
		{1B56FA40-73DB-44CA-A3DE-2F13F639DDD2}.Release|Any CPU.Build.0 = Release|Any CPU
	EndGlobalSection
	GlobalSection(SolutionProperties) = preSolution
		HideSolutionNode = FALSE
	EndGlobalSection
EndGlobal
