
Microsoft Visual Studio Solution File, Format Version 12.00
# Visual Studio 2013
VisualStudioVersion = 12.0.31101.0
MinimumVisualStudioVersion = 10.0.40219.1
Project("{FAE04EC0-301F-11D3-BF4B-00C04F79EFBC}") = "CompareSimpleMaths", "CompareSimpleMaths\CompareSimpleMaths.csproj", "{F208A546-41EC-44DF-BCB6-9D07C79A1D35}"
EndProject
Project("{FAE04EC0-301F-11D3-BF4B-00C04F79EFBC}") = "CompareAdvancedMaths", "CompareAdvancedMaths\CompareAdvancedMaths.csproj", "{CF147816-5819-46CB-9B3C-2083D5DEB160}"
EndProject
Global
	GlobalSection(SolutionConfigurationPlatforms) = preSolution
		Debug|Any CPU = Debug|Any CPU
		Release|Any CPU = Release|Any CPU
	EndGlobalSection
	GlobalSection(ProjectConfigurationPlatforms) = postSolution
		{F208A546-41EC-44DF-BCB6-9D07C79A1D35}.Debug|Any CPU.ActiveCfg = Debug|Any CPU
		{F208A546-41EC-44DF-BCB6-9D07C79A1D35}.Debug|Any CPU.Build.0 = Debug|Any CPU
		{F208A546-41EC-44DF-BCB6-9D07C79A1D35}.Release|Any CPU.ActiveCfg = Release|Any CPU
		{F208A546-41EC-44DF-BCB6-9D07C79A1D35}.Release|Any CPU.Build.0 = Release|Any CPU
		{CF147816-5819-46CB-9B3C-2083D5DEB160}.Debug|Any CPU.ActiveCfg = Debug|Any CPU
		{CF147816-5819-46CB-9B3C-2083D5DEB160}.Debug|Any CPU.Build.0 = Debug|Any CPU
		{CF147816-5819-46CB-9B3C-2083D5DEB160}.Release|Any CPU.ActiveCfg = Release|Any CPU
		{CF147816-5819-46CB-9B3C-2083D5DEB160}.Release|Any CPU.Build.0 = Release|Any CPU
	EndGlobalSection
	GlobalSection(SolutionProperties) = preSolution
		HideSolutionNode = FALSE
	EndGlobalSection
EndGlobal
